
Microsoft Visual Studio Solution File, Format Version 12.00
# Visual Studio Version 17
VisualStudioVersion = 17.13.35825.156
MinimumVisualStudioVersion = 10.0.40219.1
Project("{FAE04EC0-301F-11D3-BF4B-00C04F79EFBC}") = "InvestmentsService", "InvestmentsService\InvestmentsService.csproj", "{9FF558EB-7DE8-4558-8801-D44D2BB95E95}"
EndProject
Project("{FAE04EC0-301F-11D3-BF4B-00C04F79EFBC}") = "NPVTests", "NPVTests\NPVTests.csproj", "{A8A2C4DD-23B3-41AA-97AD-E6B7DD311C31}"
EndProject
Project("{FAE04EC0-301F-11D3-BF4B-00C04F79EFBC}") = "CashFlowService", "CashFlowService\CashFlowService.csproj", "{57404FAA-931F-4DA3-96D6-E66235C4C9F3}"
EndProject
Global
	GlobalSection(SolutionConfigurationPlatforms) = preSolution
		Debug|Any CPU = Debug|Any CPU
		Release|Any CPU = Release|Any CPU
	EndGlobalSection
	GlobalSection(ProjectConfigurationPlatforms) = postSolution
		{9FF558EB-7DE8-4558-8801-D44D2BB95E95}.Debug|Any CPU.ActiveCfg = Debug|Any CPU
		{9FF558EB-7DE8-4558-8801-D44D2BB95E95}.Debug|Any CPU.Build.0 = Debug|Any CPU
		{9FF558EB-7DE8-4558-8801-D44D2BB95E95}.Release|Any CPU.ActiveCfg = Release|Any CPU
		{9FF558EB-7DE8-4558-8801-D44D2BB95E95}.Release|Any CPU.Build.0 = Release|Any CPU
		{A8A2C4DD-23B3-41AA-97AD-E6B7DD311C31}.Debug|Any CPU.ActiveCfg = Debug|Any CPU
		{A8A2C4DD-23B3-41AA-97AD-E6B7DD311C31}.Debug|Any CPU.Build.0 = Debug|Any CPU
		{A8A2C4DD-23B3-41AA-97AD-E6B7DD311C31}.Release|Any CPU.ActiveCfg = Release|Any CPU
		{A8A2C4DD-23B3-41AA-97AD-E6B7DD311C31}.Release|Any CPU.Build.0 = Release|Any CPU
		{57404FAA-931F-4DA3-96D6-E66235C4C9F3}.Debug|Any CPU.ActiveCfg = Debug|Any CPU
		{57404FAA-931F-4DA3-96D6-E66235C4C9F3}.Debug|Any CPU.Build.0 = Debug|Any CPU
		{57404FAA-931F-4DA3-96D6-E66235C4C9F3}.Release|Any CPU.ActiveCfg = Release|Any CPU
		{57404FAA-931F-4DA3-96D6-E66235C4C9F3}.Release|Any CPU.Build.0 = Release|Any CPU
	EndGlobalSection
	GlobalSection(SolutionProperties) = preSolution
		HideSolutionNode = FALSE
	EndGlobalSection
	GlobalSection(ExtensibilityGlobals) = postSolution
		SolutionGuid = {2E526339-0235-4005-B400-130C793A2C65}
	EndGlobalSection
EndGlobal
